// !$*UTF8*$!
{
	archiveVersion = 1;
	classes = {
	};
	objectVersion = 50;
	objects = {

/* Begin PBXBuildFile section */
		7C21841122CA9907004A2DD2 /* EntryController.m in Sources */ = {isa = PBXBuildFile; fileRef = 7C21841022CA9907004A2DD2 /* EntryController.m */; };
		7C21841522CA9A72004A2DD2 /* Entry.m in Sources */ = {isa = PBXBuildFile; fileRef = 7C21841422CA9A72004A2DD2 /* Entry.m */; };
		7C21841A22CAA5AA004A2DD2 /* EntryTableViewController.m in Sources */ = {isa = PBXBuildFile; fileRef = 7C21841922CAA5AA004A2DD2 /* EntryTableViewController.m */; };
		7C21842022CABD64004A2DD2 /* EntryDetailViewController.m in Sources */ = {isa = PBXBuildFile; fileRef = 7C21841F22CABD64004A2DD2 /* EntryDetailViewController.m */; };
		7C8F768C22CA988E00B9A5A7 /* AppDelegate.m in Sources */ = {isa = PBXBuildFile; fileRef = 7C8F768B22CA988E00B9A5A7 /* AppDelegate.m */; };
		7C8F769222CA988E00B9A5A7 /* Main.storyboard in Resources */ = {isa = PBXBuildFile; fileRef = 7C8F769022CA988E00B9A5A7 /* Main.storyboard */; };
		7C8F769422CA989000B9A5A7 /* Assets.xcassets in Resources */ = {isa = PBXBuildFile; fileRef = 7C8F769322CA989000B9A5A7 /* Assets.xcassets */; };
		7C8F769722CA989000B9A5A7 /* LaunchScreen.storyboard in Resources */ = {isa = PBXBuildFile; fileRef = 7C8F769522CA989000B9A5A7 /* LaunchScreen.storyboard */; };
		7C8F769A22CA989000B9A5A7 /* main.m in Sources */ = {isa = PBXBuildFile; fileRef = 7C8F769922CA989000B9A5A7 /* main.m */; };
/* End PBXBuildFile section */

/* Begin PBXFileReference section */
		7C21840F22CA9907004A2DD2 /* EntryController.h */ = {isa = PBXFileReference; lastKnownFileType = sourcecode.c.h; path = EntryController.h; sourceTree = "<group>"; };
		7C21841022CA9907004A2DD2 /* EntryController.m */ = {isa = PBXFileReference; lastKnownFileType = sourcecode.c.objc; path = EntryController.m; sourceTree = "<group>"; };
		7C21841322CA9A72004A2DD2 /* Entry.h */ = {isa = PBXFileReference; lastKnownFileType = sourcecode.c.h; path = Entry.h; sourceTree = "<group>"; };
		7C21841422CA9A72004A2DD2 /* Entry.m */ = {isa = PBXFileReference; lastKnownFileType = sourcecode.c.objc; path = Entry.m; sourceTree = "<group>"; };
		7C21841822CAA5AA004A2DD2 /* EntryTableViewController.h */ = {isa = PBXFileReference; lastKnownFileType = sourcecode.c.h; path = EntryTableViewController.h; sourceTree = "<group>"; };
		7C21841922CAA5AA004A2DD2 /* EntryTableViewController.m */ = {isa = PBXFileReference; lastKnownFileType = sourcecode.c.objc; path = EntryTableViewController.m; sourceTree = "<group>"; };
		7C21841E22CABD64004A2DD2 /* EntryDetailViewController.h */ = {isa = PBXFileReference; lastKnownFileType = sourcecode.c.h; path = EntryDetailViewController.h; sourceTree = "<group>"; };
		7C21841F22CABD64004A2DD2 /* EntryDetailViewController.m */ = {isa = PBXFileReference; lastKnownFileType = sourcecode.c.objc; path = EntryDetailViewController.m; sourceTree = "<group>"; };
		7C8F768722CA988E00B9A5A7 /* JournalC.app */ = {isa = PBXFileReference; explicitFileType = wrapper.application; includeInIndex = 0; path = JournalC.app; sourceTree = BUILT_PRODUCTS_DIR; };
		7C8F768A22CA988E00B9A5A7 /* AppDelegate.h */ = {isa = PBXFileReference; lastKnownFileType = sourcecode.c.h; path = AppDelegate.h; sourceTree = "<group>"; };
		7C8F768B22CA988E00B9A5A7 /* AppDelegate.m */ = {isa = PBXFileReference; lastKnownFileType = sourcecode.c.objc; path = AppDelegate.m; sourceTree = "<group>"; };
		7C8F769122CA988E00B9A5A7 /* Base */ = {isa = PBXFileReference; lastKnownFileType = file.storyboard; name = Base; path = Base.lproj/Main.storyboard; sourceTree = "<group>"; };
		7C8F769322CA989000B9A5A7 /* Assets.xcassets */ = {isa = PBXFileReference; lastKnownFileType = folder.assetcatalog; path = Assets.xcassets; sourceTree = "<group>"; };
		7C8F769622CA989000B9A5A7 /* Base */ = {isa = PBXFileReference; lastKnownFileType = file.storyboard; name = Base; path = Base.lproj/LaunchScreen.storyboard; sourceTree = "<group>"; };
		7C8F769822CA989000B9A5A7 /* Info.plist */ = {isa = PBXFileReference; lastKnownFileType = text.plist.xml; path = Info.plist; sourceTree = "<group>"; };
		7C8F769922CA989000B9A5A7 /* main.m */ = {isa = PBXFileReference; lastKnownFileType = sourcecode.c.objc; path = main.m; sourceTree = "<group>"; };
/* End PBXFileReference section */

/* Begin PBXFrameworksBuildPhase section */
		7C8F768422CA988E00B9A5A7 /* Frameworks */ = {
			isa = PBXFrameworksBuildPhase;
			buildActionMask = 2147483647;
			files = (
			);
			runOnlyForDeploymentPostprocessing = 0;
		};
/* End PBXFrameworksBuildPhase section */

/* Begin PBXGroup section */
		7C21841222CA9916004A2DD2 /* ModelControllers */ = {
			isa = PBXGroup;
			children = (
				7C21840F22CA9907004A2DD2 /* EntryController.h */,
				7C21841022CA9907004A2DD2 /* EntryController.m */,
			);
			path = ModelControllers;
			sourceTree = "<group>";
		};
		7C21841622CA9A85004A2DD2 /* Models */ = {
			isa = PBXGroup;
			children = (
				7C21841322CA9A72004A2DD2 /* Entry.h */,
				7C21841422CA9A72004A2DD2 /* Entry.m */,
			);
			path = Models;
			sourceTree = "<group>";
		};
		7C21841722CAA58D004A2DD2 /* ViewControllers */ = {
			isa = PBXGroup;
			children = (
				7C21841822CAA5AA004A2DD2 /* EntryTableViewController.h */,
				7C21841922CAA5AA004A2DD2 /* EntryTableViewController.m */,
				7C21841E22CABD64004A2DD2 /* EntryDetailViewController.h */,
				7C21841F22CABD64004A2DD2 /* EntryDetailViewController.m */,
			);
			path = ViewControllers;
			sourceTree = "<group>";
		};
		7C8F767E22CA988E00B9A5A7 = {
			isa = PBXGroup;
			children = (
				7C8F768922CA988E00B9A5A7 /* JournalC */,
			);
			sourceTree = "<group>";
		};
		7C8F768822CA988E00B9A5A7 /* Products */ = {
			isa = PBXGroup;
			children = (
				7C8F768722CA988E00B9A5A7 /* JournalC.app */,
			);
			name = Products;
			path = ..;
			sourceTree = "<group>";
		};
		7C8F768922CA988E00B9A5A7 /* JournalC */ = {
			isa = PBXGroup;
			children = (
				7C8F768822CA988E00B9A5A7 /* Products */,
				7C8F76A022CA98A600B9A5A7 /* Resources */,
				7C21841622CA9A85004A2DD2 /* Models */,
				7C8F76A122CA98C200B9A5A7 /* UI */,
				7C21841222CA9916004A2DD2 /* ModelControllers */,
				7C21841722CAA58D004A2DD2 /* ViewControllers */,
			);
			path = JournalC;
			sourceTree = "<group>";
		};
		7C8F76A022CA98A600B9A5A7 /* Resources */ = {
			isa = PBXGroup;
			children = (
				7C8F768A22CA988E00B9A5A7 /* AppDelegate.h */,
				7C8F768B22CA988E00B9A5A7 /* AppDelegate.m */,
				7C8F769322CA989000B9A5A7 /* Assets.xcassets */,
				7C8F769522CA989000B9A5A7 /* LaunchScreen.storyboard */,
				7C8F769822CA989000B9A5A7 /* Info.plist */,
				7C8F769922CA989000B9A5A7 /* main.m */,
			);
			path = Resources;
			sourceTree = "<group>";
		};
		7C8F76A122CA98C200B9A5A7 /* UI */ = {
			isa = PBXGroup;
			children = (
				7C8F769022CA988E00B9A5A7 /* Main.storyboard */,
			);
			path = UI;
			sourceTree = "<group>";
		};
/* End PBXGroup section */

/* Begin PBXNativeTarget section */
		7C8F768622CA988E00B9A5A7 /* JournalC */ = {
			isa = PBXNativeTarget;
			buildConfigurationList = 7C8F769D22CA989000B9A5A7 /* Build configuration list for PBXNativeTarget "JournalC" */;
			buildPhases = (
				7C8F768322CA988E00B9A5A7 /* Sources */,
				7C8F768422CA988E00B9A5A7 /* Frameworks */,
				7C8F768522CA988E00B9A5A7 /* Resources */,
			);
			buildRules = (
			);
			dependencies = (
			);
			name = JournalC;
			productName = JournalC;
			productReference = 7C8F768722CA988E00B9A5A7 /* JournalC.app */;
			productType = "com.apple.product-type.application";
		};
/* End PBXNativeTarget section */

/* Begin PBXProject section */
		7C8F767F22CA988E00B9A5A7 /* Project object */ = {
			isa = PBXProject;
			attributes = {
				LastUpgradeCheck = 1020;
				ORGANIZATIONNAME = "Nic Gibson";
				TargetAttributes = {
					7C8F768622CA988E00B9A5A7 = {
						CreatedOnToolsVersion = 10.2.1;
					};
				};
			};
			buildConfigurationList = 7C8F768222CA988E00B9A5A7 /* Build configuration list for PBXProject "JournalC" */;
			compatibilityVersion = "Xcode 9.3";
			developmentRegion = en;
			hasScannedForEncodings = 0;
			knownRegions = (
				en,
				Base,
			);
			mainGroup = 7C8F767E22CA988E00B9A5A7;
			productRefGroup = 7C8F768822CA988E00B9A5A7 /* Products */;
			projectDirPath = "";
			projectRoot = "";
			targets = (
				7C8F768622CA988E00B9A5A7 /* JournalC */,
			);
		};
/* End PBXProject section */

/* Begin PBXResourcesBuildPhase section */
		7C8F768522CA988E00B9A5A7 /* Resources */ = {
			isa = PBXResourcesBuildPhase;
			buildActionMask = 2147483647;
			files = (
				7C8F769722CA989000B9A5A7 /* LaunchScreen.storyboard in Resources */,
				7C8F769422CA989000B9A5A7 /* Assets.xcassets in Resources */,
				7C8F769222CA988E00B9A5A7 /* Main.storyboard in Resources */,
			);
			runOnlyForDeploymentPostprocessing = 0;
		};
/* End PBXResourcesBuildPhase section */

/* Begin PBXSourcesBuildPhase section */
		7C8F768322CA988E00B9A5A7 /* Sources */ = {
			isa = PBXSourcesBuildPhase;
			buildActionMask = 2147483647;
			files = (
				7C21841522CA9A72004A2DD2 /* Entry.m in Sources */,
				7C8F769A22CA989000B9A5A7 /* main.m in Sources */,
				7C8F768C22CA988E00B9A5A7 /* AppDelegate.m in Sources */,
				7C21841A22CAA5AA004A2DD2 /* EntryTableViewController.m in Sources */,
				7C21842022CABD64004A2DD2 /* EntryDetailViewController.m in Sources */,
				7C21841122CA9907004A2DD2 /* EntryController.m in Sources */,
			);
			runOnlyForDeploymentPostprocessing = 0;
		};
/* End PBXSourcesBuildPhase section */

/* Begin PBXVariantGroup section */
		7C8F769022CA988E00B9A5A7 /* Main.storyboard */ = {
			isa = PBXVariantGroup;
			children = (
				7C8F769122CA988E00B9A5A7 /* Base */,
			);
			name = Main.storyboard;
			sourceTree = "<group>";
		};
		7C8F769522CA989000B9A5A7 /* LaunchScreen.storyboard */ = {
			isa = PBXVariantGroup;
			children = (
				7C8F769622CA989000B9A5A7 /* Base */,
			);
			name = LaunchScreen.storyboard;
			sourceTree = "<group>";
		};
/* End PBXVariantGroup section */

/* Begin XCBuildConfiguration section */
		7C8F769B22CA989000B9A5A7 /* Debug */ = {
			isa = XCBuildConfiguration;
			buildSettings = {
				ALWAYS_SEARCH_USER_PATHS = NO;
				CLANG_ANALYZER_NONNULL = YES;
				CLANG_ANALYZER_NUMBER_OBJECT_CONVERSION = YES_AGGRESSIVE;
				CLANG_CXX_LANGUAGE_STANDARD = "gnu++14";
				CLANG_CXX_LIBRARY = "libc++";
				CLANG_ENABLE_MODULES = YES;
				CLANG_ENABLE_OBJC_ARC = YES;
				CLANG_ENABLE_OBJC_WEAK = YES;
				CLANG_WARN_BLOCK_CAPTURE_AUTORELEASING = YES;
				CLANG_WARN_BOOL_CONVERSION = YES;
				CLANG_WARN_COMMA = YES;
				CLANG_WARN_CONSTANT_CONVERSION = YES;
				CLANG_WARN_DEPRECATED_OBJC_IMPLEMENTATIONS = YES;
				CLANG_WARN_DIRECT_OBJC_ISA_USAGE = YES_ERROR;
				CLANG_WARN_DOCUMENTATION_COMMENTS = YES;
				CLANG_WARN_EMPTY_BODY = YES;
				CLANG_WARN_ENUM_CONVERSION = YES;
				CLANG_WARN_INFINITE_RECURSION = YES;
				CLANG_WARN_INT_CONVERSION = YES;
				CLANG_WARN_NON_LITERAL_NULL_CONVERSION = YES;
				CLANG_WARN_OBJC_IMPLICIT_RETAIN_SELF = YES;
				CLANG_WARN_OBJC_LITERAL_CONVERSION = YES;
				CLANG_WARN_OBJC_ROOT_CLASS = YES_ERROR;
				CLANG_WARN_RANGE_LOOP_ANALYSIS = YES;
				CLANG_WARN_STRICT_PROTOTYPES = YES;
				CLANG_WARN_SUSPICIOUS_MOVE = YES;
				CLANG_WARN_UNGUARDED_AVAILABILITY = YES_AGGRESSIVE;
				CLANG_WARN_UNREACHABLE_CODE = YES;
				CLANG_WARN__DUPLICATE_METHOD_MATCH = YES;
				CODE_SIGN_IDENTITY = "iPhone Developer";
				COPY_PHASE_STRIP = NO;
				DEBUG_INFORMATION_FORMAT = dwarf;
				ENABLE_STRICT_OBJC_MSGSEND = YES;
				ENABLE_TESTABILITY = YES;
				GCC_C_LANGUAGE_STANDARD = gnu11;
				GCC_DYNAMIC_NO_PIC = NO;
				GCC_NO_COMMON_BLOCKS = YES;
				GCC_OPTIMIZATION_LEVEL = 0;
				GCC_PREPROCESSOR_DEFINITIONS = (
					"DEBUG=1",
					"$(inherited)",
				);
				GCC_WARN_64_TO_32_BIT_CONVERSION = YES;
				GCC_WARN_ABOUT_RETURN_TYPE = YES_ERROR;
				GCC_WARN_UNDECLARED_SELECTOR = YES;
				GCC_WARN_UNINITIALIZED_AUTOS = YES_AGGRESSIVE;
				GCC_WARN_UNUSED_FUNCTION = YES;
				GCC_WARN_UNUSED_VARIABLE = YES;
				IPHONEOS_DEPLOYMENT_TARGET = 12.2;
				MTL_ENABLE_DEBUG_INFO = INCLUDE_SOURCE;
				MTL_FAST_MATH = YES;
				ONLY_ACTIVE_ARCH = YES;
				SDKROOT = iphoneos;
			};
			name = Debug;
		};
		7C8F769C22CA989000B9A5A7 /* Release */ = {
			isa = XCBuildConfiguration;
			buildSettings = {
				ALWAYS_SEARCH_USER_PATHS = NO;
				CLANG_ANALYZER_NONNULL = YES;
				CLANG_ANALYZER_NUMBER_OBJECT_CONVERSION = YES_AGGRESSIVE;
				CLANG_CXX_LANGUAGE_STANDARD = "gnu++14";
				CLANG_CXX_LIBRARY = "libc++";
				CLANG_ENABLE_MODULES = YES;
				CLANG_ENABLE_OBJC_ARC = YES;
				CLANG_ENABLE_OBJC_WEAK = YES;
				CLANG_WARN_BLOCK_CAPTURE_AUTORELEASING = YES;
				CLANG_WARN_BOOL_CONVERSION = YES;
				CLANG_WARN_COMMA = YES;
				CLANG_WARN_CONSTANT_CONVERSION = YES;
				CLANG_WARN_DEPRECATED_OBJC_IMPLEMENTATIONS = YES;
				CLANG_WARN_DIRECT_OBJC_ISA_USAGE = YES_ERROR;
				CLANG_WARN_DOCUMENTATION_COMMENTS = YES;
				CLANG_WARN_EMPTY_BODY = YES;
				CLANG_WARN_ENUM_CONVERSION = YES;
				CLANG_WARN_INFINITE_RECURSION = YES;
				CLANG_WARN_INT_CONVERSION = YES;
				CLANG_WARN_NON_LITERAL_NULL_CONVERSION = YES;
				CLANG_WARN_OBJC_IMPLICIT_RETAIN_SELF = YES;
				CLANG_WARN_OBJC_LITERAL_CONVERSION = YES;
				CLANG_WARN_OBJC_ROOT_CLASS = YES_ERROR;
				CLANG_WARN_RANGE_LOOP_ANALYSIS = YES;
				CLANG_WARN_STRICT_PROTOTYPES = YES;
				CLANG_WARN_SUSPICIOUS_MOVE = YES;
				CLANG_WARN_UNGUARDED_AVAILABILITY = YES_AGGRESSIVE;
				CLANG_WARN_UNREACHABLE_CODE = YES;
				CLANG_WARN__DUPLICATE_METHOD_MATCH = YES;
				CODE_SIGN_IDENTITY = "iPhone Developer";
				COPY_PHASE_STRIP = NO;
				DEBUG_INFORMATION_FORMAT = "dwarf-with-dsym";
				ENABLE_NS_ASSERTIONS = NO;
				ENABLE_STRICT_OBJC_MSGSEND = YES;
				GCC_C_LANGUAGE_STANDARD = gnu11;
				GCC_NO_COMMON_BLOCKS = YES;
				GCC_WARN_64_TO_32_BIT_CONVERSION = YES;
				GCC_WARN_ABOUT_RETURN_TYPE = YES_ERROR;
				GCC_WARN_UNDECLARED_SELECTOR = YES;
				GCC_WARN_UNINITIALIZED_AUTOS = YES_AGGRESSIVE;
				GCC_WARN_UNUSED_FUNCTION = YES;
				GCC_WARN_UNUSED_VARIABLE = YES;
				IPHONEOS_DEPLOYMENT_TARGET = 12.2;
				MTL_ENABLE_DEBUG_INFO = NO;
				MTL_FAST_MATH = YES;
				SDKROOT = iphoneos;
				VALIDATE_PRODUCT = YES;
			};
			name = Release;
		};
		7C8F769E22CA989000B9A5A7 /* Debug */ = {
			isa = XCBuildConfiguration;
			buildSettings = {
				ASSETCATALOG_COMPILER_APPICON_NAME = AppIcon;
				CODE_SIGN_STYLE = Automatic;
				DEVELOPMENT_TEAM = 2HLC2FMZN4;
				INFOPLIST_FILE = "$(SRCROOT)/JournalC/Resources/Info.plist";
				LD_RUNPATH_SEARCH_PATHS = (
					"$(inherited)",
					"@executable_path/Frameworks",
				);
				PRODUCT_BUNDLE_IDENTIFIER = com.interactivesportsapps.JournalC;
				PRODUCT_NAME = "$(TARGET_NAME)";
				TARGETED_DEVICE_FAMILY = "1,2";
			};
			name = Debug;
		};
		7C8F769F22CA989000B9A5A7 /* Release */ = {
			isa = XCBuildConfiguration;
			buildSettings = {
				ASSETCATALOG_COMPILER_APPICON_NAME = AppIcon;
				CODE_SIGN_STYLE = Automatic;
				DEVELOPMENT_TEAM = 2HLC2FMZN4;
				INFOPLIST_FILE = "$(SRCROOT)/JournalC/Resources/Info.plist";
				LD_RUNPATH_SEARCH_PATHS = (
					"$(inherited)",
					"@executable_path/Frameworks",
				);
				PRODUCT_BUNDLE_IDENTIFIER = com.interactivesportsapps.JournalC;
				PRODUCT_NAME = "$(TARGET_NAME)";
				TARGETED_DEVICE_FAMILY = "1,2";
			};
			name = Release;
		};
/* End XCBuildConfiguration section */

/* Begin XCConfigurationList section */
		7C8F768222CA988E00B9A5A7 /* Build configuration list for PBXProject "JournalC" */ = {
			isa = XCConfigurationList;
			buildConfigurations = (
				7C8F769B22CA989000B9A5A7 /* Debug */,
				7C8F769C22CA989000B9A5A7 /* Release */,
			);
			defaultConfigurationIsVisible = 0;
			defaultConfigurationName = Release;
		};
		7C8F769D22CA989000B9A5A7 /* Build configuration list for PBXNativeTarget "JournalC" */ = {
			isa = XCConfigurationList;
			buildConfigurations = (
				7C8F769E22CA989000B9A5A7 /* Debug */,
				7C8F769F22CA989000B9A5A7 /* Release */,
			);
			defaultConfigurationIsVisible = 0;
			defaultConfigurationName = Release;
		};
/* End XCConfigurationList section */
	};
	rootObject = 7C8F767F22CA988E00B9A5A7 /* Project object */;
}
